
Microsoft Visual Studio Solution File, Format Version 12.00
# Visual Studio Version 17
VisualStudioVersion = 17.0.31903.59
MinimumVisualStudioVersion = 10.0.40219.1
Project("{FAE04EC0-301F-11D3-BF4B-00C04F79EFBC}") = "GraphQL ASP.NET Core Web API", "GraphQL ASP.NET Core Web API\GraphQL ASP.NET Core Web API.csproj", "{2CADF92B-70FA-4085-B7B3-0F7C61229CB8}"
EndProject
Global
	GlobalSection(SolutionConfigurationPlatforms) = preSolution
		Debug|Any CPU = Debug|Any CPU
		Release|Any CPU = Release|Any CPU
	EndGlobalSection
	GlobalSection(ProjectConfigurationPlatforms) = postSolution
		{2CADF92B-70FA-4085-B7B3-0F7C61229CB8}.Debug|Any CPU.ActiveCfg = Debug|Any CPU
		{2CADF92B-70FA-4085-B7B3-0F7C61229CB8}.Debug|Any CPU.Build.0 = Debug|Any CPU
		{2CADF92B-70FA-4085-B7B3-0F7C61229CB8}.Release|Any CPU.ActiveCfg = Release|Any CPU
		{2CADF92B-70FA-4085-B7B3-0F7C61229CB8}.Release|Any CPU.Build.0 = Release|Any CPU
	EndGlobalSection
	GlobalSection(SolutionProperties) = preSolution
		HideSolutionNode = FALSE
	EndGlobalSection
	GlobalSection(ExtensibilityGlobals) = postSolution
		SolutionGuid = {05AEBA82-293C-4824-9216-C34D74F750D9}
	EndGlobalSection
EndGlobal
